
Microsoft Visual Studio Solution File, Format Version 12.00
# Visual Studio Version 17
VisualStudioVersion = 17.3.32901.215
MinimumVisualStudioVersion = 10.0.40219.1
Project("{FAE04EC0-301F-11D3-BF4B-00C04F79EFBC}") = "JwtWebApi", "JwtWebApi\JwtWebApi.csproj", "{6FB0D4F5-119D-4BB3-B1AC-3A210338EA23}"
EndProject
Global
	GlobalSection(SolutionConfigurationPlatforms) = preSolution
		Debug|Any CPU = Debug|Any CPU
		Release|Any CPU = Release|Any CPU
	EndGlobalSection
	GlobalSection(ProjectConfigurationPlatforms) = postSolution
		{6FB0D4F5-119D-4BB3-B1AC-3A210338EA23}.Debug|Any CPU.ActiveCfg = Debug|Any CPU
		{6FB0D4F5-119D-4BB3-B1AC-3A210338EA23}.Debug|Any CPU.Build.0 = Debug|Any CPU
		{6FB0D4F5-119D-4BB3-B1AC-3A210338EA23}.Release|Any CPU.ActiveCfg = Release|Any CPU
		{6FB0D4F5-119D-4BB3-B1AC-3A210338EA23}.Release|Any CPU.Build.0 = Release|Any CPU
	EndGlobalSection
	GlobalSection(SolutionProperties) = preSolution
		HideSolutionNode = FALSE
	EndGlobalSection
	GlobalSection(ExtensibilityGlobals) = postSolution
		SolutionGuid = {FDAC037A-8ED1-480A-B764-3F6EC5C9C3C5}
	EndGlobalSection
EndGlobal
